
Microsoft Visual Studio Solution File, Format Version 12.00
# Visual Studio Version 16
VisualStudioVersion = 16.0.31702.278
MinimumVisualStudioVersion = 10.0.40219.1
Project("{FAE04EC0-301F-11D3-BF4B-00C04F79EFBC}") = "BlogMVCProject", "BlogMVCProject\BlogMVCProject.csproj", "{697A877D-3BEA-4D26-A3A4-0877D9872D0D}"
EndProject
Global
	GlobalSection(SolutionConfigurationPlatforms) = preSolution
		Debug|Any CPU = Debug|Any CPU
		Release|Any CPU = Release|Any CPU
	EndGlobalSection
	GlobalSection(ProjectConfigurationPlatforms) = postSolution
		{697A877D-3BEA-4D26-A3A4-0877D9872D0D}.Debug|Any CPU.ActiveCfg = Debug|Any CPU
		{697A877D-3BEA-4D26-A3A4-0877D9872D0D}.Debug|Any CPU.Build.0 = Debug|Any CPU
		{697A877D-3BEA-4D26-A3A4-0877D9872D0D}.Release|Any CPU.ActiveCfg = Release|Any CPU
		{697A877D-3BEA-4D26-A3A4-0877D9872D0D}.Release|Any CPU.Build.0 = Release|Any CPU
	EndGlobalSection
	GlobalSection(SolutionProperties) = preSolution
		HideSolutionNode = FALSE
	EndGlobalSection
	GlobalSection(ExtensibilityGlobals) = postSolution
		SolutionGuid = {2F8AC28D-AC8D-4F27-A1DC-D8EEE710B863}
	EndGlobalSection
EndGlobal
